
Microsoft Visual Studio Solution File, Format Version 12.00
# Visual Studio Version 16
VisualStudioVersion = 25.0.1706.4
MinimumVisualStudioVersion = 10.0.40219.1
Project("{FAE04EC0-301F-11D3-BF4B-00C04F79EFBC}") = "FinalProject", "FinalProject\FinalProject.csproj", "{45EFF815-9ED4-41DE-8426-198D21270D70}"
EndProject
Global
	GlobalSection(SolutionConfigurationPlatforms) = preSolution
		Debug|Any CPU = Debug|Any CPU
		Release|Any CPU = Release|Any CPU
	EndGlobalSection
	GlobalSection(ProjectConfigurationPlatforms) = postSolution
		{45EFF815-9ED4-41DE-8426-198D21270D70}.Debug|Any CPU.ActiveCfg = Debug|Any CPU
		{45EFF815-9ED4-41DE-8426-198D21270D70}.Debug|Any CPU.Build.0 = Debug|Any CPU
		{45EFF815-9ED4-41DE-8426-198D21270D70}.Release|Any CPU.ActiveCfg = Release|Any CPU
		{45EFF815-9ED4-41DE-8426-198D21270D70}.Release|Any CPU.Build.0 = Release|Any CPU
	EndGlobalSection
	GlobalSection(SolutionProperties) = preSolution
		HideSolutionNode = FALSE
	EndGlobalSection
	GlobalSection(ExtensibilityGlobals) = postSolution
		SolutionGuid = {1435A5B6-20E3-402B-954B-046CA786603D}
	EndGlobalSection
EndGlobal
